
Microsoft Visual Studio Solution File, Format Version 12.00
# Visual Studio Version 16
VisualStudioVersion = 16.0.31605.320
MinimumVisualStudioVersion = 10.0.40219.1
Project("{9A19103F-16F7-4668-BE54-9A1E7A4F7556}") = "Negocios", "Negocios\Negocios.csproj", "{E4C6EFCA-22DD-4DB5-BEB1-818C7D2B2A06}"
EndProject
Project("{9A19103F-16F7-4668-BE54-9A1E7A4F7556}") = "Datos", "Datos\Datos.csproj", "{887B434E-AC23-43E3-AE6C-A4C780349C2B}"
EndProject
Project("{9A19103F-16F7-4668-BE54-9A1E7A4F7556}") = "Entidades", "Entidades\Entidades.csproj", "{2594DDB7-9565-4113-A4CB-6270F9A06FA2}"
EndProject
Project("{FAE04EC0-301F-11D3-BF4B-00C04F79EFBC}") = "FormulariosPresentacion", "FormulariosPresentacion\FormulariosPresentacion.csproj", "{85E3FBE4-59D8-424B-BD5D-323EF9501713}"
EndProject
Global
	GlobalSection(SolutionConfigurationPlatforms) = preSolution
		Debug|Any CPU = Debug|Any CPU
		Release|Any CPU = Release|Any CPU
	EndGlobalSection
	GlobalSection(ProjectConfigurationPlatforms) = postSolution
		{E4C6EFCA-22DD-4DB5-BEB1-818C7D2B2A06}.Debug|Any CPU.ActiveCfg = Debug|Any CPU
		{E4C6EFCA-22DD-4DB5-BEB1-818C7D2B2A06}.Debug|Any CPU.Build.0 = Debug|Any CPU
		{E4C6EFCA-22DD-4DB5-BEB1-818C7D2B2A06}.Release|Any CPU.ActiveCfg = Release|Any CPU
		{E4C6EFCA-22DD-4DB5-BEB1-818C7D2B2A06}.Release|Any CPU.Build.0 = Release|Any CPU
		{887B434E-AC23-43E3-AE6C-A4C780349C2B}.Debug|Any CPU.ActiveCfg = Debug|Any CPU
		{887B434E-AC23-43E3-AE6C-A4C780349C2B}.Debug|Any CPU.Build.0 = Debug|Any CPU
		{887B434E-AC23-43E3-AE6C-A4C780349C2B}.Release|Any CPU.ActiveCfg = Release|Any CPU
		{887B434E-AC23-43E3-AE6C-A4C780349C2B}.Release|Any CPU.Build.0 = Release|Any CPU
		{2594DDB7-9565-4113-A4CB-6270F9A06FA2}.Debug|Any CPU.ActiveCfg = Debug|Any CPU
		{2594DDB7-9565-4113-A4CB-6270F9A06FA2}.Debug|Any CPU.Build.0 = Debug|Any CPU
		{2594DDB7-9565-4113-A4CB-6270F9A06FA2}.Release|Any CPU.ActiveCfg = Release|Any CPU
		{2594DDB7-9565-4113-A4CB-6270F9A06FA2}.Release|Any CPU.Build.0 = Release|Any CPU
		{85E3FBE4-59D8-424B-BD5D-323EF9501713}.Debug|Any CPU.ActiveCfg = Debug|Any CPU
		{85E3FBE4-59D8-424B-BD5D-323EF9501713}.Debug|Any CPU.Build.0 = Debug|Any CPU
		{85E3FBE4-59D8-424B-BD5D-323EF9501713}.Release|Any CPU.ActiveCfg = Release|Any CPU
		{85E3FBE4-59D8-424B-BD5D-323EF9501713}.Release|Any CPU.Build.0 = Release|Any CPU
	EndGlobalSection
	GlobalSection(SolutionProperties) = preSolution
		HideSolutionNode = FALSE
	EndGlobalSection
	GlobalSection(ExtensibilityGlobals) = postSolution
		SolutionGuid = {052486FA-0A57-4731-887C-7906A0CA4269}
	EndGlobalSection
EndGlobal
